
Microsoft Visual Studio Solution File, Format Version 12.00
# Visual Studio Version 17
VisualStudioVersion = 17.6.33815.320
MinimumVisualStudioVersion = 10.0.40219.1
Project("{9A19103F-16F7-4668-BE54-9A1E7A4F7556}") = "PortfolioWebsite_Backend", "PortfolioWebsite_Backend.csproj", "{9CEF3795-3754-4B85-86AF-1B31AA59F634}"
EndProject
Project("{FAE04EC0-301F-11D3-BF4B-00C04F79EFBC}") = "PortfolioWebsite_Backend_Testing", "..\PortfolioWebsite_Backend_Testing\PortfolioWebsite_Backend_Testing.csproj", "{F1CB9F16-8860-4531-A779-659B3A9D5206}"
EndProject
Global
	GlobalSection(SolutionConfigurationPlatforms) = preSolution
		Debug|Any CPU = Debug|Any CPU
		Release|Any CPU = Release|Any CPU
	EndGlobalSection
	GlobalSection(ProjectConfigurationPlatforms) = postSolution
		{9CEF3795-3754-4B85-86AF-1B31AA59F634}.Debug|Any CPU.ActiveCfg = Debug|Any CPU
		{9CEF3795-3754-4B85-86AF-1B31AA59F634}.Debug|Any CPU.Build.0 = Debug|Any CPU
		{9CEF3795-3754-4B85-86AF-1B31AA59F634}.Release|Any CPU.ActiveCfg = Release|Any CPU
		{9CEF3795-3754-4B85-86AF-1B31AA59F634}.Release|Any CPU.Build.0 = Release|Any CPU
		{F1CB9F16-8860-4531-A779-659B3A9D5206}.Debug|Any CPU.ActiveCfg = Debug|Any CPU
		{F1CB9F16-8860-4531-A779-659B3A9D5206}.Debug|Any CPU.Build.0 = Debug|Any CPU
		{F1CB9F16-8860-4531-A779-659B3A9D5206}.Release|Any CPU.ActiveCfg = Release|Any CPU
		{F1CB9F16-8860-4531-A779-659B3A9D5206}.Release|Any CPU.Build.0 = Release|Any CPU
	EndGlobalSection
	GlobalSection(SolutionProperties) = preSolution
		HideSolutionNode = FALSE
	EndGlobalSection
	GlobalSection(ExtensibilityGlobals) = postSolution
		SolutionGuid = {84452769-023C-44B8-AB6C-1868210D6A3B}
	EndGlobalSection
EndGlobal
