
Microsoft Visual Studio Solution File, Format Version 12.00
# Visual Studio Version 17
VisualStudioVersion = 17.6.33829.357
MinimumVisualStudioVersion = 10.0.40219.1
Project("{9A19103F-16F7-4668-BE54-9A1E7A4F7556}") = "PortfolioBackend", "PortfolioBackend\PortfolioBackend.csproj", "{4D175548-D78D-44C4-9E75-8046BF3D7443}"
EndProject
Project("{9A19103F-16F7-4668-BE54-9A1E7A4F7556}") = "PortfolioBackend_ATDDs", "PortfolioBackend_ATDDs\PortfolioBackend_ATDDs.csproj", "{3ED389F1-68F5-431F-B197-80B741D4C2A2}"
EndProject
Project("{9A19103F-16F7-4668-BE54-9A1E7A4F7556}") = "PortfolioBackend_UnitTests", "PortfolioBackend_UnitTests\PortfolioBackend_UnitTests.csproj", "{CC667DAA-5842-40AE-83EB-25CF0E1CA955}"
EndProject
Global
	GlobalSection(SolutionConfigurationPlatforms) = preSolution
		Debug|Any CPU = Debug|Any CPU
		Release|Any CPU = Release|Any CPU
	EndGlobalSection
	GlobalSection(ProjectConfigurationPlatforms) = postSolution
		{4D175548-D78D-44C4-9E75-8046BF3D7443}.Debug|Any CPU.ActiveCfg = Debug|Any CPU
		{4D175548-D78D-44C4-9E75-8046BF3D7443}.Debug|Any CPU.Build.0 = Debug|Any CPU
		{4D175548-D78D-44C4-9E75-8046BF3D7443}.Release|Any CPU.ActiveCfg = Release|Any CPU
		{4D175548-D78D-44C4-9E75-8046BF3D7443}.Release|Any CPU.Build.0 = Release|Any CPU
		{3ED389F1-68F5-431F-B197-80B741D4C2A2}.Debug|Any CPU.ActiveCfg = Debug|Any CPU
		{3ED389F1-68F5-431F-B197-80B741D4C2A2}.Debug|Any CPU.Build.0 = Debug|Any CPU
		{3ED389F1-68F5-431F-B197-80B741D4C2A2}.Release|Any CPU.ActiveCfg = Release|Any CPU
		{3ED389F1-68F5-431F-B197-80B741D4C2A2}.Release|Any CPU.Build.0 = Release|Any CPU
		{CC667DAA-5842-40AE-83EB-25CF0E1CA955}.Debug|Any CPU.ActiveCfg = Debug|Any CPU
		{CC667DAA-5842-40AE-83EB-25CF0E1CA955}.Debug|Any CPU.Build.0 = Debug|Any CPU
		{CC667DAA-5842-40AE-83EB-25CF0E1CA955}.Release|Any CPU.ActiveCfg = Release|Any CPU
		{CC667DAA-5842-40AE-83EB-25CF0E1CA955}.Release|Any CPU.Build.0 = Release|Any CPU
	EndGlobalSection
	GlobalSection(SolutionProperties) = preSolution
		HideSolutionNode = FALSE
	EndGlobalSection
	GlobalSection(ExtensibilityGlobals) = postSolution
		SolutionGuid = {5B6205ED-E560-4FBE-97BF-90AA93F76B4E}
	EndGlobalSection
EndGlobal
